
Microsoft Visual Studio Solution File, Format Version 12.00
# Visual Studio Version 17
VisualStudioVersion = 17.3.32929.385
MinimumVisualStudioVersion = 10.0.40219.1
Project("{FAE04EC0-301F-11D3-BF4B-00C04F79EFBC}") = "PW5_Ex3_DataBindingComplex", "PW5_Ex3_DataBindingComplex.csproj", "{149BC022-C015-4628-96BF-72C0DC1E7524}"
EndProject
Global
	GlobalSection(SolutionConfigurationPlatforms) = preSolution
		Debug|Any CPU = Debug|Any CPU
		Release|Any CPU = Release|Any CPU
	EndGlobalSection
	GlobalSection(ProjectConfigurationPlatforms) = postSolution
		{149BC022-C015-4628-96BF-72C0DC1E7524}.Debug|Any CPU.ActiveCfg = Debug|Any CPU
		{149BC022-C015-4628-96BF-72C0DC1E7524}.Debug|Any CPU.Build.0 = Debug|Any CPU
		{149BC022-C015-4628-96BF-72C0DC1E7524}.Release|Any CPU.ActiveCfg = Release|Any CPU
		{149BC022-C015-4628-96BF-72C0DC1E7524}.Release|Any CPU.Build.0 = Release|Any CPU
	EndGlobalSection
	GlobalSection(SolutionProperties) = preSolution
		HideSolutionNode = FALSE
	EndGlobalSection
	GlobalSection(ExtensibilityGlobals) = postSolution
		SolutionGuid = {37479AC9-5CD0-4ED8-A3BF-0ABF99775B91}
	EndGlobalSection
EndGlobal
