
Microsoft Visual Studio Solution File, Format Version 12.00
# Visual Studio Version 17
VisualStudioVersion = 17.4.33205.214
MinimumVisualStudioVersion = 10.0.40219.1
Project("{FAE04EC0-301F-11D3-BF4B-00C04F79EFBC}") = "Lab2_Ex1_WinQuestion", "Lab2_Ex1_WinQuestion.csproj", "{76339443-6DA1-4A3A-9418-F8436269DE47}"
EndProject
Global
	GlobalSection(SolutionConfigurationPlatforms) = preSolution
		Debug|Any CPU = Debug|Any CPU
		Release|Any CPU = Release|Any CPU
	EndGlobalSection
	GlobalSection(ProjectConfigurationPlatforms) = postSolution
		{76339443-6DA1-4A3A-9418-F8436269DE47}.Debug|Any CPU.ActiveCfg = Debug|Any CPU
		{76339443-6DA1-4A3A-9418-F8436269DE47}.Debug|Any CPU.Build.0 = Debug|Any CPU
		{76339443-6DA1-4A3A-9418-F8436269DE47}.Release|Any CPU.ActiveCfg = Release|Any CPU
		{76339443-6DA1-4A3A-9418-F8436269DE47}.Release|Any CPU.Build.0 = Release|Any CPU
	EndGlobalSection
	GlobalSection(SolutionProperties) = preSolution
		HideSolutionNode = FALSE
	EndGlobalSection
	GlobalSection(ExtensibilityGlobals) = postSolution
		SolutionGuid = {304AA63E-BC17-47BF-8E2B-328E03844B12}
	EndGlobalSection
EndGlobal
