
Microsoft Visual Studio Solution File, Format Version 12.00
# Visual Studio Version 17
VisualStudioVersion = 17.3.32929.385
MinimumVisualStudioVersion = 10.0.40219.1
Project("{FAE04EC0-301F-11D3-BF4B-00C04F79EFBC}") = "PW3_Ex3-4_DBCommand", "PW3_Ex3-4_DBCommand.csproj", "{B8112D3B-DDEC-425F-A4DD-126AD898B847}"
EndProject
Global
	GlobalSection(SolutionConfigurationPlatforms) = preSolution
		Debug|Any CPU = Debug|Any CPU
		Release|Any CPU = Release|Any CPU
	EndGlobalSection
	GlobalSection(ProjectConfigurationPlatforms) = postSolution
		{B8112D3B-DDEC-425F-A4DD-126AD898B847}.Debug|Any CPU.ActiveCfg = Debug|Any CPU
		{B8112D3B-DDEC-425F-A4DD-126AD898B847}.Debug|Any CPU.Build.0 = Debug|Any CPU
		{B8112D3B-DDEC-425F-A4DD-126AD898B847}.Release|Any CPU.ActiveCfg = Release|Any CPU
		{B8112D3B-DDEC-425F-A4DD-126AD898B847}.Release|Any CPU.Build.0 = Release|Any CPU
	EndGlobalSection
	GlobalSection(SolutionProperties) = preSolution
		HideSolutionNode = FALSE
	EndGlobalSection
	GlobalSection(ExtensibilityGlobals) = postSolution
		SolutionGuid = {226E6B22-C196-4FA2-9990-DDFFE3059009}
	EndGlobalSection
EndGlobal
