
Microsoft Visual Studio Solution File, Format Version 12.00
# Visual Studio Version 17
VisualStudioVersion = 17.3.32929.385
MinimumVisualStudioVersion = 10.0.40219.1
Project("{FAE04EC0-301F-11D3-BF4B-00C04F79EFBC}") = "Utils", "Utils\Utils.csproj", "{20F20CBD-DB8B-4CE2-9F97-181F6B591FF7}"
EndProject
Global
	GlobalSection(SolutionConfigurationPlatforms) = preSolution
		Debug|Any CPU = Debug|Any CPU
		Release|Any CPU = Release|Any CPU
	EndGlobalSection
	GlobalSection(ProjectConfigurationPlatforms) = postSolution
		{20F20CBD-DB8B-4CE2-9F97-181F6B591FF7}.Debug|Any CPU.ActiveCfg = Debug|Any CPU
		{20F20CBD-DB8B-4CE2-9F97-181F6B591FF7}.Debug|Any CPU.Build.0 = Debug|Any CPU
		{20F20CBD-DB8B-4CE2-9F97-181F6B591FF7}.Release|Any CPU.ActiveCfg = Release|Any CPU
		{20F20CBD-DB8B-4CE2-9F97-181F6B591FF7}.Release|Any CPU.Build.0 = Release|Any CPU
	EndGlobalSection
	GlobalSection(SolutionProperties) = preSolution
		HideSolutionNode = FALSE
	EndGlobalSection
	GlobalSection(ExtensibilityGlobals) = postSolution
		SolutionGuid = {730D3936-BF2A-42E0-97F2-B86A6D9F079E}
	EndGlobalSection
EndGlobal
