
Microsoft Visual Studio Solution File, Format Version 12.00
# Visual Studio Version 17
VisualStudioVersion = 17.3.32929.385
MinimumVisualStudioVersion = 10.0.40219.1
Project("{FAE04EC0-301F-11D3-BF4B-00C04F79EFBC}") = "WhatDay2", "WhatDay2\WhatDay2.csproj", "{6B1FA4B2-4298-43E5-8FF9-5F38B6016785}"
EndProject
Global
	GlobalSection(SolutionConfigurationPlatforms) = preSolution
		Debug|Any CPU = Debug|Any CPU
		Release|Any CPU = Release|Any CPU
	EndGlobalSection
	GlobalSection(ProjectConfigurationPlatforms) = postSolution
		{6B1FA4B2-4298-43E5-8FF9-5F38B6016785}.Debug|Any CPU.ActiveCfg = Debug|Any CPU
		{6B1FA4B2-4298-43E5-8FF9-5F38B6016785}.Debug|Any CPU.Build.0 = Debug|Any CPU
		{6B1FA4B2-4298-43E5-8FF9-5F38B6016785}.Release|Any CPU.ActiveCfg = Release|Any CPU
		{6B1FA4B2-4298-43E5-8FF9-5F38B6016785}.Release|Any CPU.Build.0 = Release|Any CPU
	EndGlobalSection
	GlobalSection(SolutionProperties) = preSolution
		HideSolutionNode = FALSE
	EndGlobalSection
	GlobalSection(ExtensibilityGlobals) = postSolution
		SolutionGuid = {CE42A47D-6198-43CF-A5CF-5B46AADA08F7}
	EndGlobalSection
EndGlobal
