
Microsoft Visual Studio Solution File, Format Version 12.00
# Visual Studio Version 17
VisualStudioVersion = 17.3.32929.385
MinimumVisualStudioVersion = 10.0.40219.1
Project("{FAE04EC0-301F-11D3-BF4B-00C04F79EFBC}") = "Utils", "Utils\Utils.csproj", "{7F8BC501-97B6-4485-ABAE-3F8A4CF34BBF}"
EndProject
Global
	GlobalSection(SolutionConfigurationPlatforms) = preSolution
		Debug|Any CPU = Debug|Any CPU
		Release|Any CPU = Release|Any CPU
	EndGlobalSection
	GlobalSection(ProjectConfigurationPlatforms) = postSolution
		{7F8BC501-97B6-4485-ABAE-3F8A4CF34BBF}.Debug|Any CPU.ActiveCfg = Debug|Any CPU
		{7F8BC501-97B6-4485-ABAE-3F8A4CF34BBF}.Debug|Any CPU.Build.0 = Debug|Any CPU
		{7F8BC501-97B6-4485-ABAE-3F8A4CF34BBF}.Release|Any CPU.ActiveCfg = Release|Any CPU
		{7F8BC501-97B6-4485-ABAE-3F8A4CF34BBF}.Release|Any CPU.Build.0 = Release|Any CPU
	EndGlobalSection
	GlobalSection(SolutionProperties) = preSolution
		HideSolutionNode = FALSE
	EndGlobalSection
	GlobalSection(ExtensibilityGlobals) = postSolution
		SolutionGuid = {708BBA74-E68B-4924-92F8-2B8F8F59BEFD}
	EndGlobalSection
EndGlobal
