
Microsoft Visual Studio Solution File, Format Version 12.00
# Visual Studio Version 17
VisualStudioVersion = 17.4.33205.214
MinimumVisualStudioVersion = 10.0.40219.1
Project("{FAE04EC0-301F-11D3-BF4B-00C04F79EFBC}") = "Lab4_Ex5_sin(x)", "Lab4_Ex5_sin(x).csproj", "{487723A6-5E1B-4667-8D03-ECA804D2CB4D}"
EndProject
Global
	GlobalSection(SolutionConfigurationPlatforms) = preSolution
		Debug|Any CPU = Debug|Any CPU
		Release|Any CPU = Release|Any CPU
	EndGlobalSection
	GlobalSection(ProjectConfigurationPlatforms) = postSolution
		{487723A6-5E1B-4667-8D03-ECA804D2CB4D}.Debug|Any CPU.ActiveCfg = Debug|Any CPU
		{487723A6-5E1B-4667-8D03-ECA804D2CB4D}.Debug|Any CPU.Build.0 = Debug|Any CPU
		{487723A6-5E1B-4667-8D03-ECA804D2CB4D}.Release|Any CPU.ActiveCfg = Release|Any CPU
		{487723A6-5E1B-4667-8D03-ECA804D2CB4D}.Release|Any CPU.Build.0 = Release|Any CPU
	EndGlobalSection
	GlobalSection(SolutionProperties) = preSolution
		HideSolutionNode = FALSE
	EndGlobalSection
	GlobalSection(ExtensibilityGlobals) = postSolution
		SolutionGuid = {39F60534-175A-4906-8E03-B8898AF7446B}
	EndGlobalSection
EndGlobal
