
Microsoft Visual Studio Solution File, Format Version 12.00
# Visual Studio Version 17
VisualStudioVersion = 17.4.33205.214
MinimumVisualStudioVersion = 10.0.40219.1
Project("{9A19103F-16F7-4668-BE54-9A1E7A4F7556}") = "Lab2_Ex9_BiblWorm", "Lab2_Ex9_BiblWorm.csproj", "{59DE3036-7F44-4A38-8368-2E3DF912CD8D}"
EndProject
Global
	GlobalSection(SolutionConfigurationPlatforms) = preSolution
		Debug|Any CPU = Debug|Any CPU
		Release|Any CPU = Release|Any CPU
	EndGlobalSection
	GlobalSection(ProjectConfigurationPlatforms) = postSolution
		{59DE3036-7F44-4A38-8368-2E3DF912CD8D}.Debug|Any CPU.ActiveCfg = Debug|Any CPU
		{59DE3036-7F44-4A38-8368-2E3DF912CD8D}.Debug|Any CPU.Build.0 = Debug|Any CPU
		{59DE3036-7F44-4A38-8368-2E3DF912CD8D}.Release|Any CPU.ActiveCfg = Release|Any CPU
		{59DE3036-7F44-4A38-8368-2E3DF912CD8D}.Release|Any CPU.Build.0 = Release|Any CPU
	EndGlobalSection
	GlobalSection(SolutionProperties) = preSolution
		HideSolutionNode = FALSE
	EndGlobalSection
	GlobalSection(ExtensibilityGlobals) = postSolution
		SolutionGuid = {D8A32938-DB49-4F34-87AB-8226AAA47F25}
	EndGlobalSection
EndGlobal
